Microsoft Visual Studio Solution File, Format Version 12.00
# Visual Studio Version 17
VisualStudioVersion = 17.5.2.0
MinimumVisualStudioVersion = 10.0.40219.1
Project("{FAE04EC0-301F-11D3-BF4B-00C04F79EFBC}") = "Star Wars Galaxies Steam Integration", "SWGSI\Star Wars Galaxies Steam Integration.csproj", "{DA86F346-65A2-41CA-2235-0B1AEA15CCDF}"
EndProject
Global
	GlobalSection(SolutionConfigurationPlatforms) = preSolution
		Debug|Any CPU = Debug|Any CPU
		Release|Any CPU = Release|Any CPU
	EndGlobalSection
	GlobalSection(ProjectConfigurationPlatforms) = postSolution
		{DA86F346-65A2-41CA-2235-0B1AEA15CCDF}.Debug|Any CPU.ActiveCfg = Debug|Any CPU
		{DA86F346-65A2-41CA-2235-0B1AEA15CCDF}.Debug|Any CPU.Build.0 = Debug|Any CPU
		{DA86F346-65A2-41CA-2235-0B1AEA15CCDF}.Release|Any CPU.ActiveCfg = Release|Any CPU
		{DA86F346-65A2-41CA-2235-0B1AEA15CCDF}.Release|Any CPU.Build.0 = Release|Any CPU
	EndGlobalSection
	GlobalSection(SolutionProperties) = preSolution
		HideSolutionNode = FALSE
	EndGlobalSection
	GlobalSection(ExtensibilityGlobals) = postSolution
		SolutionGuid = {D3B713EA-17EE-4E37-970F-20DA977B030E}
	EndGlobalSection
EndGlobal
